
Microsoft Visual Studio Solution File, Format Version 12.00
Project("{FAE04EC0-301F-11D3-BF4B-00C04F79EFBC}") = "AnimalMatchingGame", "AnimalMatchingGame\AnimalMatchingGame.csproj", "{F2D384FD-B4A6-4F04-AF14-3737914F0573}"
EndProject
Global
	GlobalSection(SolutionConfigurationPlatforms) = preSolution
		Debug|Any CPU = Debug|Any CPU
		Release|Any CPU = Release|Any CPU
	EndGlobalSection
	GlobalSection(ProjectConfigurationPlatforms) = postSolution
		{F2D384FD-B4A6-4F04-AF14-3737914F0573}.Debug|Any CPU.ActiveCfg = Debug|Any CPU
		{F2D384FD-B4A6-4F04-AF14-3737914F0573}.Debug|Any CPU.Build.0 = Debug|Any CPU
		{F2D384FD-B4A6-4F04-AF14-3737914F0573}.Release|Any CPU.ActiveCfg = Release|Any CPU
		{F2D384FD-B4A6-4F04-AF14-3737914F0573}.Release|Any CPU.Build.0 = Release|Any CPU
	EndGlobalSection
EndGlobal
